// !$*UTF8*$!
{
	archiveVersion = 1;
	classes = {
	};
	objectVersion = 56;
	objects = {

/* Begin PBXBuildFile section */
		210841B32B157B0600A6BDDC /* TimerManagerProtocol.swift in Sources */ = {isa = PBXBuildFile; fileRef = 210841B22B157B0600A6BDDC /* TimerManagerProtocol.swift */; };
		211E6F5F2B0C3523000E1076 /* DarkLightModeButtonStyle.swift in Sources */ = {isa = PBXBuildFile; fileRef = 211E6F5E2B0C3523000E1076 /* DarkLightModeButtonStyle.swift */; };
		211E6F982B0D7CBB000E1076 /* WidgetKit.framework in Frameworks */ = {isa = PBXBuildFile; fileRef = 211E6F972B0D7CBB000E1076 /* WidgetKit.framework */; };
		211E6F9A2B0D7CBB000E1076 /* SwiftUI.framework in Frameworks */ = {isa = PBXBuildFile; fileRef = 211E6F992B0D7CBB000E1076 /* SwiftUI.framework */; };
		211E6F9D2B0D7CBB000E1076 /* TimerWidgetBundle.swift in Sources */ = {isa = PBXBuildFile; fileRef = 211E6F9C2B0D7CBB000E1076 /* TimerWidgetBundle.swift */; };
		211E6F9F2B0D7CBB000E1076 /* TimerWidget.swift in Sources */ = {isa = PBXBuildFile; fileRef = 211E6F9E2B0D7CBB000E1076 /* TimerWidget.swift */; };
		211E6FA12B0D7CBC000E1076 /* Assets.xcassets in Resources */ = {isa = PBXBuildFile; fileRef = 211E6FA02B0D7CBC000E1076 /* Assets.xcassets */; };
		211E6FA52B0D7CBC000E1076 /* TimerWidgetExtension.appex in Embed Foundation Extensions */ = {isa = PBXBuildFile; fileRef = 211E6F952B0D7CBB000E1076 /* TimerWidgetExtension.appex */; settings = {ATTRIBUTES = (RemoveHeadersOnCopy, ); }; };
		211E6FAB2B0D7D36000E1076 /* TimerAttributes.swift in Sources */ = {isa = PBXBuildFile; fileRef = 211E6FAA2B0D7D36000E1076 /* TimerAttributes.swift */; };
		211E6FAD2B0D8F30000E1076 /* TimerAttributes.swift in Sources */ = {isa = PBXBuildFile; fileRef = 211E6FAA2B0D7D36000E1076 /* TimerAttributes.swift */; };
		211E6FB02B10089A000E1076 /* SettingsViewTests.swift in Sources */ = {isa = PBXBuildFile; fileRef = 211E6FAF2B10089A000E1076 /* SettingsViewTests.swift */; };
		211E6FB22B100B1D000E1076 /* MockTimerManager.swift in Sources */ = {isa = PBXBuildFile; fileRef = 211E6FB12B100B1D000E1076 /* MockTimerManager.swift */; };
		21258FAD2B09B01000C673D4 /* ColorSettings.swift in Sources */ = {isa = PBXBuildFile; fileRef = 21258FAC2B09B01000C673D4 /* ColorSettings.swift */; };
		21258FE92B0B04D900C673D4 /* TimerViewModelTests.swift in Sources */ = {isa = PBXBuildFile; fileRef = 21258FE82B0B04D900C673D4 /* TimerViewModelTests.swift */; };
		21258FEB2B0B120300C673D4 /* TimerCompletedView.swift in Sources */ = {isa = PBXBuildFile; fileRef = 21258FEA2B0B120300C673D4 /* TimerCompletedView.swift */; };
		2132F3402B081FBD0012BA04 /* SettingsView.swift in Sources */ = {isa = PBXBuildFile; fileRef = 2132F33F2B081FBD0012BA04 /* SettingsView.swift */; };
		21385EC52B14002100D84EB3 /* MockSettingsViewModel.swift in Sources */ = {isa = PBXBuildFile; fileRef = 21385EC42B14002100D84EB3 /* MockSettingsViewModel.swift */; };
		21473EC72B073709002ECDC6 /* Pomodoro_Timer_AppApp.swift in Sources */ = {isa = PBXBuildFile; fileRef = 21473EC62B073709002ECDC6 /* Pomodoro_Timer_AppApp.swift */; };
		21473EC92B073709002ECDC6 /* ContentView.swift in Sources */ = {isa = PBXBuildFile; fileRef = 21473EC82B073709002ECDC6 /* ContentView.swift */; };
		21473ECB2B07370A002ECDC6 /* Assets.xcassets in Resources */ = {isa = PBXBuildFile; fileRef = 21473ECA2B07370A002ECDC6 /* Assets.xcassets */; };
		21473ECE2B07370A002ECDC6 /* Preview Assets.xcassets in Resources */ = {isa = PBXBuildFile; fileRef = 21473ECD2B07370A002ECDC6 /* Preview Assets.xcassets */; };
		21473EE22B07370A002ECDC6 /* Pomodoro_Timer_AppUITests.swift in Sources */ = {isa = PBXBuildFile; fileRef = 21473EE12B07370A002ECDC6 /* Pomodoro_Timer_AppUITests.swift */; };
		21473EE42B07370A002ECDC6 /* Pomodoro_Timer_AppUITestsLaunchTests.swift in Sources */ = {isa = PBXBuildFile; fileRef = 21473EE32B07370A002ECDC6 /* Pomodoro_Timer_AppUITestsLaunchTests.swift */; };
		21473EF12B073E2A002ECDC6 /* TimerView.swift in Sources */ = {isa = PBXBuildFile; fileRef = 21473EF02B073E2A002ECDC6 /* TimerView.swift */; };
		21473EF82B0747AB002ECDC6 /* TimerModel.swift in Sources */ = {isa = PBXBuildFile; fileRef = 21473EF72B0747AB002ECDC6 /* TimerModel.swift */; };
		21473EFA2B0747F8002ECDC6 /* TimerViewModel.swift in Sources */ = {isa = PBXBuildFile; fileRef = 21473EF92B0747F8002ECDC6 /* TimerViewModel.swift */; };
		21473EFD2B074948002ECDC6 /* TimerButtonStyle.swift in Sources */ = {isa = PBXBuildFile; fileRef = 21473EFC2B074948002ECDC6 /* TimerButtonStyle.swift */; };
		2190D6692B12F29200F31BDB /* MockSettingsView.swift in Sources */ = {isa = PBXBuildFile; fileRef = 2190D6682B12F29200F31BDB /* MockSettingsView.swift */; };
		2190D66C2B12F36700F31BDB /* ColorSettings.swift in Sources */ = {isa = PBXBuildFile; fileRef = 21258FAC2B09B01000C673D4 /* ColorSettings.swift */; };
		2190D66D2B12F3DB00F31BDB /* DarkLightModeButtonStyle.swift in Sources */ = {isa = PBXBuildFile; fileRef = 211E6F5E2B0C3523000E1076 /* DarkLightModeButtonStyle.swift */; };
		2190D6722B12F8CD00F31BDB /* MockTimerModel.swift in Sources */ = {isa = PBXBuildFile; fileRef = 2190D6712B12F8CD00F31BDB /* MockTimerModel.swift */; };
/* End PBXBuildFile section */

/* Begin PBXContainerItemProxy section */
		211E6FA32B0D7CBC000E1076 /* PBXContainerItemProxy */ = {
			isa = PBXContainerItemProxy;
			containerPortal = 21473EBB2B073709002ECDC6 /* Project object */;
			proxyType = 1;
			remoteGlobalIDString = 211E6F942B0D7CBB000E1076;
			remoteInfo = TimerWidgetExtension;
		};
		21473ED42B07370A002ECDC6 /* PBXContainerItemProxy */ = {
			isa = PBXContainerItemProxy;
			containerPortal = 21473EBB2B073709002ECDC6 /* Project object */;
			proxyType = 1;
			remoteGlobalIDString = 21473EC22B073709002ECDC6;
			remoteInfo = "Pomodoro Timer App";
		};
		21473EDE2B07370A002ECDC6 /* PBXContainerItemProxy */ = {
			isa = PBXContainerItemProxy;
			containerPortal = 21473EBB2B073709002ECDC6 /* Project object */;
			proxyType = 1;
			remoteGlobalIDString = 21473EC22B073709002ECDC6;
			remoteInfo = "Pomodoro Timer App";
		};
/* End PBXContainerItemProxy section */

/* Begin PBXCopyFilesBuildPhase section */
		211E6FA62B0D7CBC000E1076 /* Embed Foundation Extensions */ = {
			isa = PBXCopyFilesBuildPhase;
			buildActionMask = 2147483647;
			dstPath = "";
			dstSubfolderSpec = 13;
			files = (
				211E6FA52B0D7CBC000E1076 /* TimerWidgetExtension.appex in Embed Foundation Extensions */,
			);
			name = "Embed Foundation Extensions";
			runOnlyForDeploymentPostprocessing = 0;
		};
/* End PBXCopyFilesBuildPhase section */

/* Begin PBXFileReference section */
		210841B22B157B0600A6BDDC /* TimerManagerProtocol.swift */ = {isa = PBXFileReference; lastKnownFileType = sourcecode.swift; path = TimerManagerProtocol.swift; sourceTree = "<group>"; };
		211E6F5E2B0C3523000E1076 /* DarkLightModeButtonStyle.swift */ = {isa = PBXFileReference; lastKnownFileType = sourcecode.swift; path = DarkLightModeButtonStyle.swift; sourceTree = "<group>"; };
		211E6F952B0D7CBB000E1076 /* TimerWidgetExtension.appex */ = {isa = PBXFileReference; explicitFileType = "wrapper.app-extension"; includeInIndex = 0; path = TimerWidgetExtension.appex; sourceTree = BUILT_PRODUCTS_DIR; };
		211E6F972B0D7CBB000E1076 /* WidgetKit.framework */ = {isa = PBXFileReference; lastKnownFileType = wrapper.framework; name = WidgetKit.framework; path = System/Library/Frameworks/WidgetKit.framework; sourceTree = SDKROOT; };
		211E6F992B0D7CBB000E1076 /* SwiftUI.framework */ = {isa = PBXFileReference; lastKnownFileType = wrapper.framework; name = SwiftUI.framework; path = System/Library/Frameworks/SwiftUI.framework; sourceTree = SDKROOT; };
		211E6F9C2B0D7CBB000E1076 /* TimerWidgetBundle.swift */ = {isa = PBXFileReference; lastKnownFileType = sourcecode.swift; path = TimerWidgetBundle.swift; sourceTree = "<group>"; };
		211E6F9E2B0D7CBB000E1076 /* TimerWidget.swift */ = {isa = PBXFileReference; lastKnownFileType = sourcecode.swift; path = TimerWidget.swift; sourceTree = "<group>"; };
		211E6FA02B0D7CBC000E1076 /* Assets.xcassets */ = {isa = PBXFileReference; lastKnownFileType = folder.assetcatalog; path = Assets.xcassets; sourceTree = "<group>"; };
		211E6FA22B0D7CBC000E1076 /* Info.plist */ = {isa = PBXFileReference; lastKnownFileType = text.plist.xml; path = Info.plist; sourceTree = "<group>"; };
		211E6FAA2B0D7D36000E1076 /* TimerAttributes.swift */ = {isa = PBXFileReference; lastKnownFileType = sourcecode.swift; path = TimerAttributes.swift; sourceTree = "<group>"; };
		211E6FAF2B10089A000E1076 /* SettingsViewTests.swift */ = {isa = PBXFileReference; lastKnownFileType = sourcecode.swift; path = SettingsViewTests.swift; sourceTree = "<group>"; };
		211E6FB12B100B1D000E1076 /* MockTimerManager.swift */ = {isa = PBXFileReference; lastKnownFileType = sourcecode.swift; path = MockTimerManager.swift; sourceTree = "<group>"; };
		21258FAC2B09B01000C673D4 /* ColorSettings.swift */ = {isa = PBXFileReference; lastKnownFileType = sourcecode.swift; path = ColorSettings.swift; sourceTree = "<group>"; };
		21258FE82B0B04D900C673D4 /* TimerViewModelTests.swift */ = {isa = PBXFileReference; lastKnownFileType = sourcecode.swift; path = TimerViewModelTests.swift; sourceTree = "<group>"; };
		21258FEA2B0B120300C673D4 /* TimerCompletedView.swift */ = {isa = PBXFileReference; lastKnownFileType = sourcecode.swift; path = TimerCompletedView.swift; sourceTree = "<group>"; };
		2132F33F2B081FBD0012BA04 /* SettingsView.swift */ = {isa = PBXFileReference; lastKnownFileType = sourcecode.swift; path = SettingsView.swift; sourceTree = "<group>"; };
		21385EC42B14002100D84EB3 /* MockSettingsViewModel.swift */ = {isa = PBXFileReference; lastKnownFileType = sourcecode.swift; path = MockSettingsViewModel.swift; sourceTree = "<group>"; };
		21473EC32B073709002ECDC6 /* Pomodoro Timer App.app */ = {isa = PBXFileReference; explicitFileType = wrapper.application; includeInIndex = 0; path = "Pomodoro Timer App.app"; sourceTree = BUILT_PRODUCTS_DIR; };
		21473EC62B073709002ECDC6 /* Pomodoro_Timer_AppApp.swift */ = {isa = PBXFileReference; lastKnownFileType = sourcecode.swift; path = Pomodoro_Timer_AppApp.swift; sourceTree = "<group>"; };
		21473EC82B073709002ECDC6 /* ContentView.swift */ = {isa = PBXFileReference; lastKnownFileType = sourcecode.swift; path = ContentView.swift; sourceTree = "<group>"; };
		21473ECA2B07370A002ECDC6 /* Assets.xcassets */ = {isa = PBXFileReference; lastKnownFileType = folder.assetcatalog; path = Assets.xcassets; sourceTree = "<group>"; };
		21473ECD2B07370A002ECDC6 /* Preview Assets.xcassets */ = {isa = PBXFileReference; lastKnownFileType = folder.assetcatalog; path = "Preview Assets.xcassets"; sourceTree = "<group>"; };
		21473ED32B07370A002ECDC6 /* Pomodoro Timer AppTests.xctest */ = {isa = PBXFileReference; explicitFileType = wrapper.cfbundle; includeInIndex = 0; path = "Pomodoro Timer AppTests.xctest"; sourceTree = BUILT_PRODUCTS_DIR; };
		21473EDD2B07370A002ECDC6 /* Pomodoro Timer AppUITests.xctest */ = {isa = PBXFileReference; explicitFileType = wrapper.cfbundle; includeInIndex = 0; path = "Pomodoro Timer AppUITests.xctest"; sourceTree = BUILT_PRODUCTS_DIR; };
		21473EE12B07370A002ECDC6 /* Pomodoro_Timer_AppUITests.swift */ = {isa = PBXFileReference; lastKnownFileType = sourcecode.swift; path = Pomodoro_Timer_AppUITests.swift; sourceTree = "<group>"; };
		21473EE32B07370A002ECDC6 /* Pomodoro_Timer_AppUITestsLaunchTests.swift */ = {isa = PBXFileReference; lastKnownFileType = sourcecode.swift; path = Pomodoro_Timer_AppUITestsLaunchTests.swift; sourceTree = "<group>"; };
		21473EF02B073E2A002ECDC6 /* TimerView.swift */ = {isa = PBXFileReference; lastKnownFileType = sourcecode.swift; path = TimerView.swift; sourceTree = "<group>"; };
		21473EF72B0747AB002ECDC6 /* TimerModel.swift */ = {isa = PBXFileReference; lastKnownFileType = sourcecode.swift; path = TimerModel.swift; sourceTree = "<group>"; };
		21473EF92B0747F8002ECDC6 /* TimerViewModel.swift */ = {isa = PBXFileReference; lastKnownFileType = sourcecode.swift; path = TimerViewModel.swift; sourceTree = "<group>"; };
		21473EFC2B074948002ECDC6 /* TimerButtonStyle.swift */ = {isa = PBXFileReference; lastKnownFileType = sourcecode.swift; path = TimerButtonStyle.swift; sourceTree = "<group>"; };
		2190D6682B12F29200F31BDB /* MockSettingsView.swift */ = {isa = PBXFileReference; lastKnownFileType = sourcecode.swift; path = MockSettingsView.swift; sourceTree = "<group>"; };
		2190D6712B12F8CD00F31BDB /* MockTimerModel.swift */ = {isa = PBXFileReference; lastKnownFileType = sourcecode.swift; path = MockTimerModel.swift; sourceTree = "<group>"; };
/* End PBXFileReference section */

/* Begin PBXFrameworksBuildPhase section */
		211E6F922B0D7CBB000E1076 /* Frameworks */ = {
			isa = PBXFrameworksBuildPhase;
			buildActionMask = 2147483647;
			files = (
				211E6F9A2B0D7CBB000E1076 /* SwiftUI.framework in Frameworks */,
				211E6F982B0D7CBB000E1076 /* WidgetKit.framework in Frameworks */,
			);
			runOnlyForDeploymentPostprocessing = 0;
		};
		21473EC02B073709002ECDC6 /* Frameworks */ = {
			isa = PBXFrameworksBuildPhase;
			buildActionMask = 2147483647;
			files = (
			);
			runOnlyForDeploymentPostprocessing = 0;
		};
		21473ED02B07370A002ECDC6 /* Frameworks */ = {
			isa = PBXFrameworksBuildPhase;
			buildActionMask = 2147483647;
			files = (
			);
			runOnlyForDeploymentPostprocessing = 0;
		};
		21473EDA2B07370A002ECDC6 /* Frameworks */ = {
			isa = PBXFrameworksBuildPhase;
			buildActionMask = 2147483647;
			files = (
			);
			runOnlyForDeploymentPostprocessing = 0;
		};
/* End PBXFrameworksBuildPhase section */

/* Begin PBXGroup section */
		211E6F962B0D7CBB000E1076 /* Frameworks */ = {
			isa = PBXGroup;
			children = (
				211E6F972B0D7CBB000E1076 /* WidgetKit.framework */,
				211E6F992B0D7CBB000E1076 /* SwiftUI.framework */,
			);
			name = Frameworks;
			sourceTree = "<group>";
		};
		211E6F9B2B0D7CBB000E1076 /* TimerWidget */ = {
			isa = PBXGroup;
			children = (
				211E6F9C2B0D7CBB000E1076 /* TimerWidgetBundle.swift */,
				211E6F9E2B0D7CBB000E1076 /* TimerWidget.swift */,
				211E6FA02B0D7CBC000E1076 /* Assets.xcassets */,
				211E6FA22B0D7CBC000E1076 /* Info.plist */,
			);
			path = TimerWidget;
			sourceTree = "<group>";
		};
		211E6FAE2B0D910B000E1076 /* Live Activity */ = {
			isa = PBXGroup;
			children = (
				211E6FAA2B0D7D36000E1076 /* TimerAttributes.swift */,
			);
			path = "Live Activity";
			sourceTree = "<group>";
		};
		21473EBA2B073709002ECDC6 = {
			isa = PBXGroup;
			children = (
				21473EC52B073709002ECDC6 /* Pomodoro Timer App */,
				21473ED62B07370A002ECDC6 /* Pomodoro Timer AppTests */,
				21473EE02B07370A002ECDC6 /* Pomodoro Timer AppUITests */,
				211E6F9B2B0D7CBB000E1076 /* TimerWidget */,
				211E6F962B0D7CBB000E1076 /* Frameworks */,
				21473EC42B073709002ECDC6 /* Products */,
			);
			sourceTree = "<group>";
		};
		21473EC42B073709002ECDC6 /* Products */ = {
			isa = PBXGroup;
			children = (
				21473EC32B073709002ECDC6 /* Pomodoro Timer App.app */,
				21473ED32B07370A002ECDC6 /* Pomodoro Timer AppTests.xctest */,
				21473EDD2B07370A002ECDC6 /* Pomodoro Timer AppUITests.xctest */,
				211E6F952B0D7CBB000E1076 /* TimerWidgetExtension.appex */,
			);
			name = Products;
			sourceTree = "<group>";
		};
		21473EC52B073709002ECDC6 /* Pomodoro Timer App */ = {
			isa = PBXGroup;
			children = (
				21473EF22B074721002ECDC6 /* Models */,
				21473EF32B074729002ECDC6 /* Views */,
				21473EF42B07472D002ECDC6 /* ViewModels */,
				21473EFB2B07492C002ECDC6 /* Style Components */,
				211E6FAE2B0D910B000E1076 /* Live Activity */,
				21473EC62B073709002ECDC6 /* Pomodoro_Timer_AppApp.swift */,
				21473EC82B073709002ECDC6 /* ContentView.swift */,
				21473ECA2B07370A002ECDC6 /* Assets.xcassets */,
				21473ECC2B07370A002ECDC6 /* Preview Content */,
			);
			path = "Pomodoro Timer App";
			sourceTree = "<group>";
		};
		21473ECC2B07370A002ECDC6 /* Preview Content */ = {
			isa = PBXGroup;
			children = (
				21473ECD2B07370A002ECDC6 /* Preview Assets.xcassets */,
			);
			path = "Preview Content";
			sourceTree = "<group>";
		};
		21473ED62B07370A002ECDC6 /* Pomodoro Timer AppTests */ = {
			isa = PBXGroup;
			children = (
				2190D66A2B12F2D800F31BDB /* Mocks */,
				21258FE82B0B04D900C673D4 /* TimerViewModelTests.swift */,
				211E6FAF2B10089A000E1076 /* SettingsViewTests.swift */,
			);
			path = "Pomodoro Timer AppTests";
			sourceTree = "<group>";
		};
		21473EE02B07370A002ECDC6 /* Pomodoro Timer AppUITests */ = {
			isa = PBXGroup;
			children = (
				21473EE12B07370A002ECDC6 /* Pomodoro_Timer_AppUITests.swift */,
				21473EE32B07370A002ECDC6 /* Pomodoro_Timer_AppUITestsLaunchTests.swift */,
			);
			path = "Pomodoro Timer AppUITests";
			sourceTree = "<group>";
		};
		21473EF22B074721002ECDC6 /* Models */ = {
			isa = PBXGroup;
			children = (
				21473EF72B0747AB002ECDC6 /* TimerModel.swift */,
			);
			path = Models;
			sourceTree = "<group>";
		};
		21473EF32B074729002ECDC6 /* Views */ = {
			isa = PBXGroup;
			children = (
				21473EF02B073E2A002ECDC6 /* TimerView.swift */,
				2132F33F2B081FBD0012BA04 /* SettingsView.swift */,
				21258FEA2B0B120300C673D4 /* TimerCompletedView.swift */,
			);
			path = Views;
			sourceTree = "<group>";
		};
		21473EF42B07472D002ECDC6 /* ViewModels */ = {
			isa = PBXGroup;
			children = (
				21473EF92B0747F8002ECDC6 /* TimerViewModel.swift */,
				210841B22B157B0600A6BDDC /* TimerManagerProtocol.swift */,
			);
			path = ViewModels;
			sourceTree = "<group>";
		};
		21473EFB2B07492C002ECDC6 /* Style Components */ = {
			isa = PBXGroup;
			children = (
				21473EFC2B074948002ECDC6 /* TimerButtonStyle.swift */,
				21258FAC2B09B01000C673D4 /* ColorSettings.swift */,
				211E6F5E2B0C3523000E1076 /* DarkLightModeButtonStyle.swift */,
			);
			path = "Style Components";
			sourceTree = "<group>";
		};
		2190D66A2B12F2D800F31BDB /* Mocks */ = {
			isa = PBXGroup;
			children = (
				211E6FB12B100B1D000E1076 /* MockTimerManager.swift */,
				2190D6682B12F29200F31BDB /* MockSettingsView.swift */,
				2190D6712B12F8CD00F31BDB /* MockTimerModel.swift */,
				21385EC42B14002100D84EB3 /* MockSettingsViewModel.swift */,
			);
			path = Mocks;
			sourceTree = "<group>";
		};
/* End PBXGroup section */

/* Begin PBXNativeTarget section */
		211E6F942B0D7CBB000E1076 /* TimerWidgetExtension */ = {
			isa = PBXNativeTarget;
			buildConfigurationList = 211E6FA92B0D7CBC000E1076 /* Build configuration list for PBXNativeTarget "TimerWidgetExtension" */;
			buildPhases = (
				211E6F912B0D7CBB000E1076 /* Sources */,
				211E6F922B0D7CBB000E1076 /* Frameworks */,
				211E6F932B0D7CBB000E1076 /* Resources */,
			);
			buildRules = (
			);
			dependencies = (
			);
			name = TimerWidgetExtension;
			productName = TimerWidgetExtension;
			productReference = 211E6F952B0D7CBB000E1076 /* TimerWidgetExtension.appex */;
			productType = "com.apple.product-type.app-extension";
		};
		21473EC22B073709002ECDC6 /* Pomodoro Timer App */ = {
			isa = PBXNativeTarget;
			buildConfigurationList = 21473EE72B07370A002ECDC6 /* Build configuration list for PBXNativeTarget "Pomodoro Timer App" */;
			buildPhases = (
				21473EBF2B073709002ECDC6 /* Sources */,
				21473EC02B073709002ECDC6 /* Frameworks */,
				21473EC12B073709002ECDC6 /* Resources */,
				211E6FA62B0D7CBC000E1076 /* Embed Foundation Extensions */,
			);
			buildRules = (
			);
			dependencies = (
				211E6FA42B0D7CBC000E1076 /* PBXTargetDependency */,
			);
			name = "Pomodoro Timer App";
			productName = "Pomodoro Timer App";
			productReference = 21473EC32B073709002ECDC6 /* Pomodoro Timer App.app */;
			productType = "com.apple.product-type.application";
		};
		21473ED22B07370A002ECDC6 /* Pomodoro Timer AppTests */ = {
			isa = PBXNativeTarget;
			buildConfigurationList = 21473EEA2B07370A002ECDC6 /* Build configuration list for PBXNativeTarget "Pomodoro Timer AppTests" */;
			buildPhases = (
				21473ECF2B07370A002ECDC6 /* Sources */,
				21473ED02B07370A002ECDC6 /* Frameworks */,
				21473ED12B07370A002ECDC6 /* Resources */,
			);
			buildRules = (
			);
			dependencies = (
				21473ED52B07370A002ECDC6 /* PBXTargetDependency */,
			);
			name = "Pomodoro Timer AppTests";
			productName = "Pomodoro Timer AppTests";
			productReference = 21473ED32B07370A002ECDC6 /* Pomodoro Timer AppTests.xctest */;
			productType = "com.apple.product-type.bundle.unit-test";
		};
		21473EDC2B07370A002ECDC6 /* Pomodoro Timer AppUITests */ = {
			isa = PBXNativeTarget;
			buildConfigurationList = 21473EED2B07370A002ECDC6 /* Build configuration list for PBXNativeTarget "Pomodoro Timer AppUITests" */;
			buildPhases = (
				21473ED92B07370A002ECDC6 /* Sources */,
				21473EDA2B07370A002ECDC6 /* Frameworks */,
				21473EDB2B07370A002ECDC6 /* Resources */,
			);
			buildRules = (
			);
			dependencies = (
				21473EDF2B07370A002ECDC6 /* PBXTargetDependency */,
			);
			name = "Pomodoro Timer AppUITests";
			productName = "Pomodoro Timer AppUITests";
			productReference = 21473EDD2B07370A002ECDC6 /* Pomodoro Timer AppUITests.xctest */;
			productType = "com.apple.product-type.bundle.ui-testing";
		};
/* End PBXNativeTarget section */

/* Begin PBXProject section */
		21473EBB2B073709002ECDC6 /* Project object */ = {
			isa = PBXProject;
			attributes = {
				BuildIndependentTargetsInParallel = 1;
				LastSwiftUpdateCheck = 1500;
				LastUpgradeCheck = 1500;
				TargetAttributes = {
					211E6F942B0D7CBB000E1076 = {
						CreatedOnToolsVersion = 15.0.1;
					};
					21473EC22B073709002ECDC6 = {
						CreatedOnToolsVersion = 15.0.1;
					};
					21473ED22B07370A002ECDC6 = {
						CreatedOnToolsVersion = 15.0.1;
						TestTargetID = 21473EC22B073709002ECDC6;
					};
					21473EDC2B07370A002ECDC6 = {
						CreatedOnToolsVersion = 15.0.1;
						TestTargetID = 21473EC22B073709002ECDC6;
					};
				};
			};
			buildConfigurationList = 21473EBE2B073709002ECDC6 /* Build configuration list for PBXProject "Pomodoro Timer App" */;
			compatibilityVersion = "Xcode 14.0";
			developmentRegion = en;
			hasScannedForEncodings = 0;
			knownRegions = (
				en,
				Base,
			);
			mainGroup = 21473EBA2B073709002ECDC6;
			productRefGroup = 21473EC42B073709002ECDC6 /* Products */;
			projectDirPath = "";
			projectRoot = "";
			targets = (
				21473EC22B073709002ECDC6 /* Pomodoro Timer App */,
				21473ED22B07370A002ECDC6 /* Pomodoro Timer AppTests */,
				21473EDC2B07370A002ECDC6 /* Pomodoro Timer AppUITests */,
				211E6F942B0D7CBB000E1076 /* TimerWidgetExtension */,
			);
		};
/* End PBXProject section */

/* Begin PBXResourcesBuildPhase section */
		211E6F932B0D7CBB000E1076 /* Resources */ = {
			isa = PBXResourcesBuildPhase;
			buildActionMask = 2147483647;
			files = (
				211E6FA12B0D7CBC000E1076 /* Assets.xcassets in Resources */,
			);
			runOnlyForDeploymentPostprocessing = 0;
		};
		21473EC12B073709002ECDC6 /* Resources */ = {
			isa = PBXResourcesBuildPhase;
			buildActionMask = 2147483647;
			files = (
				21473ECE2B07370A002ECDC6 /* Preview Assets.xcassets in Resources */,
				21473ECB2B07370A002ECDC6 /* Assets.xcassets in Resources */,
			);
			runOnlyForDeploymentPostprocessing = 0;
		};
		21473ED12B07370A002ECDC6 /* Resources */ = {
			isa = PBXResourcesBuildPhase;
			buildActionMask = 2147483647;
			files = (
			);
			runOnlyForDeploymentPostprocessing = 0;
		};
		21473EDB2B07370A002ECDC6 /* Resources */ = {
			isa = PBXResourcesBuildPhase;
			buildActionMask = 2147483647;
			files = (
			);
			runOnlyForDeploymentPostprocessing = 0;
		};
/* End PBXResourcesBuildPhase section */

/* Begin PBXSourcesBuildPhase section */
		211E6F912B0D7CBB000E1076 /* Sources */ = {
			isa = PBXSourcesBuildPhase;
			buildActionMask = 2147483647;
			files = (
				211E6F9D2B0D7CBB000E1076 /* TimerWidgetBundle.swift in Sources */,
				211E6F9F2B0D7CBB000E1076 /* TimerWidget.swift in Sources */,
				211E6FAD2B0D8F30000E1076 /* TimerAttributes.swift in Sources */,
			);
			runOnlyForDeploymentPostprocessing = 0;
		};
		21473EBF2B073709002ECDC6 /* Sources */ = {
			isa = PBXSourcesBuildPhase;
			buildActionMask = 2147483647;
			files = (
				2132F3402B081FBD0012BA04 /* SettingsView.swift in Sources */,
				21258FEB2B0B120300C673D4 /* TimerCompletedView.swift in Sources */,
				21473EFA2B0747F8002ECDC6 /* TimerViewModel.swift in Sources */,
				211E6F5F2B0C3523000E1076 /* DarkLightModeButtonStyle.swift in Sources */,
				21473EF12B073E2A002ECDC6 /* TimerView.swift in Sources */,
				211E6FAB2B0D7D36000E1076 /* TimerAttributes.swift in Sources */,
				21473EF82B0747AB002ECDC6 /* TimerModel.swift in Sources */,
				210841B32B157B0600A6BDDC /* TimerManagerProtocol.swift in Sources */,
				21473EC92B073709002ECDC6 /* ContentView.swift in Sources */,
				21473EC72B073709002ECDC6 /* Pomodoro_Timer_AppApp.swift in Sources */,
				21258FAD2B09B01000C673D4 /* ColorSettings.swift in Sources */,
				21473EFD2B074948002ECDC6 /* TimerButtonStyle.swift in Sources */,
			);
			runOnlyForDeploymentPostprocessing = 0;
		};
		21473ECF2B07370A002ECDC6 /* Sources */ = {
			isa = PBXSourcesBuildPhase;
			buildActionMask = 2147483647;
			files = (
				21258FE92B0B04D900C673D4 /* TimerViewModelTests.swift in Sources */,
				211E6FB22B100B1D000E1076 /* MockTimerManager.swift in Sources */,
				211E6FB02B10089A000E1076 /* SettingsViewTests.swift in Sources */,
				2190D6722B12F8CD00F31BDB /* MockTimerModel.swift in Sources */,
				2190D6692B12F29200F31BDB /* MockSettingsView.swift in Sources */,
				21385EC52B14002100D84EB3 /* MockSettingsViewModel.swift in Sources */,
				2190D66C2B12F36700F31BDB /* ColorSettings.swift in Sources */,
				2190D66D2B12F3DB00F31BDB /* DarkLightModeButtonStyle.swift in Sources */,
			);
			runOnlyForDeploymentPostprocessing = 0;
		};
		21473ED92B07370A002ECDC6 /* Sources */ = {
			isa = PBXSourcesBuildPhase;
			buildActionMask = 2147483647;
			files = (
				21473EE22B07370A002ECDC6 /* Pomodoro_Timer_AppUITests.swift in Sources */,
				21473EE42B07370A002ECDC6 /* Pomodoro_Timer_AppUITestsLaunchTests.swift in Sources */,
			);
			runOnlyForDeploymentPostprocessing = 0;
		};
/* End PBXSourcesBuildPhase section */

/* Begin PBXTargetDependency section */
		211E6FA42B0D7CBC000E1076 /* PBXTargetDependency */ = {
			isa = PBXTargetDependency;
			target = 211E6F942B0D7CBB000E1076 /* TimerWidgetExtension */;
			targetProxy = 211E6FA32B0D7CBC000E1076 /* PBXContainerItemProxy */;
		};
		21473ED52B07370A002ECDC6 /* PBXTargetDependency */ = {
			isa = PBXTargetDependency;
			target = 21473EC22B073709002ECDC6 /* Pomodoro Timer App */;
			targetProxy = 21473ED42B07370A002ECDC6 /* PBXContainerItemProxy */;
		};
		21473EDF2B07370A002ECDC6 /* PBXTargetDependency */ = {
			isa = PBXTargetDependency;
			target = 21473EC22B073709002ECDC6 /* Pomodoro Timer App */;
			targetProxy = 21473EDE2B07370A002ECDC6 /* PBXContainerItemProxy */;
		};
/* End PBXTargetDependency section */

/* Begin XCBuildConfiguration section */
		211E6FA72B0D7CBC000E1076 /* Debug */ = {
			isa = XCBuildConfiguration;
			buildSettings = {
				ASSETCATALOG_COMPILER_GLOBAL_ACCENT_COLOR_NAME = AccentColor;
				ASSETCATALOG_COMPILER_WIDGET_BACKGROUND_COLOR_NAME = WidgetBackground;
				CODE_SIGN_STYLE = Automatic;
				CURRENT_PROJECT_VERSION = 1;
				DEVELOPMENT_TEAM = B6D4WCK28L;
				GENERATE_INFOPLIST_FILE = YES;
				INFOPLIST_FILE = TimerWidget/Info.plist;
				INFOPLIST_KEY_CFBundleDisplayName = TimerWidget;
				INFOPLIST_KEY_NSHumanReadableCopyright = "";
				LD_RUNPATH_SEARCH_PATHS = (
					"$(inherited)",
					"@executable_path/Frameworks",
					"@executable_path/../../Frameworks",
				);
				MARKETING_VERSION = 1.0;
				PRODUCT_BUNDLE_IDENTIFIER = "cquagliani.Pomodoro-Timer-App.TimerWidget";
				PRODUCT_NAME = "$(TARGET_NAME)";
				SKIP_INSTALL = YES;
				SWIFT_EMIT_LOC_STRINGS = YES;
				SWIFT_VERSION = 5.0;
				TARGETED_DEVICE_FAMILY = "1,2";
			};
			name = Debug;
		};
		211E6FA82B0D7CBC000E1076 /* Release */ = {
			isa = XCBuildConfiguration;
			buildSettings = {
				ASSETCATALOG_COMPILER_GLOBAL_ACCENT_COLOR_NAME = AccentColor;
				ASSETCATALOG_COMPILER_WIDGET_BACKGROUND_COLOR_NAME = WidgetBackground;
				CODE_SIGN_STYLE = Automatic;
				CURRENT_PROJECT_VERSION = 1;
				DEVELOPMENT_TEAM = B6D4WCK28L;
				GENERATE_INFOPLIST_FILE = YES;
				INFOPLIST_FILE = TimerWidget/Info.plist;
				INFOPLIST_KEY_CFBundleDisplayName = TimerWidget;
				INFOPLIST_KEY_NSHumanReadableCopyright = "";
				LD_RUNPATH_SEARCH_PATHS = (
					"$(inherited)",
					"@executable_path/Frameworks",
					"@executable_path/../../Frameworks",
				);
				MARKETING_VERSION = 1.0;
				PRODUCT_BUNDLE_IDENTIFIER = "cquagliani.Pomodoro-Timer-App.TimerWidget";
				PRODUCT_NAME = "$(TARGET_NAME)";
				SKIP_INSTALL = YES;
				SWIFT_EMIT_LOC_STRINGS = YES;
				SWIFT_VERSION = 5.0;
				TARGETED_DEVICE_FAMILY = "1,2";
			};
			name = Release;
		};
		21473EE52B07370A002ECDC6 /* Debug */ = {
			isa = XCBuildConfiguration;
			buildSettings = {
				ALWAYS_SEARCH_USER_PATHS = NO;
				ASSETCATALOG_COMPILER_GENERATE_SWIFT_ASSET_SYMBOL_EXTENSIONS = YES;
				CLANG_ANALYZER_NONNULL = YES;
				CLANG_ANALYZER_NUMBER_OBJECT_CONVERSION = YES_AGGRESSIVE;
				CLANG_CXX_LANGUAGE_STANDARD = "gnu++20";
				CLANG_ENABLE_MODULES = YES;
				CLANG_ENABLE_OBJC_ARC = YES;
				CLANG_ENABLE_OBJC_WEAK = YES;
				CLANG_WARN_BLOCK_CAPTURE_AUTORELEASING = YES;
				CLANG_WARN_BOOL_CONVERSION = YES;
				CLANG_WARN_COMMA = YES;
				CLANG_WARN_CONSTANT_CONVERSION = YES;
				CLANG_WARN_DEPRECATED_OBJC_IMPLEMENTATIONS = YES;
				CLANG_WARN_DIRECT_OBJC_ISA_USAGE = YES_ERROR;
				CLANG_WARN_DOCUMENTATION_COMMENTS = YES;
				CLANG_WARN_EMPTY_BODY = YES;
				CLANG_WARN_ENUM_CONVERSION = YES;
				CLANG_WARN_INFINITE_RECURSION = YES;
				CLANG_WARN_INT_CONVERSION = YES;
				CLANG_WARN_NON_LITERAL_NULL_CONVERSION = YES;
				CLANG_WARN_OBJC_IMPLICIT_RETAIN_SELF = YES;
				CLANG_WARN_OBJC_LITERAL_CONVERSION = YES;
				CLANG_WARN_OBJC_ROOT_CLASS = YES_ERROR;
				CLANG_WARN_QUOTED_INCLUDE_IN_FRAMEWORK_HEADER = YES;
				CLANG_WARN_RANGE_LOOP_ANALYSIS = YES;
				CLANG_WARN_STRICT_PROTOTYPES = YES;
				CLANG_WARN_SUSPICIOUS_MOVE = YES;
				CLANG_WARN_UNGUARDED_AVAILABILITY = YES_AGGRESSIVE;
				CLANG_WARN_UNREACHABLE_CODE = YES;
				CLANG_WARN__DUPLICATE_METHOD_MATCH = YES;
				COPY_PHASE_STRIP = NO;
				DEBUG_INFORMATION_FORMAT = dwarf;
				ENABLE_STRICT_OBJC_MSGSEND = YES;
				ENABLE_TESTABILITY = YES;
				ENABLE_USER_SCRIPT_SANDBOXING = YES;
				GCC_C_LANGUAGE_STANDARD = gnu17;
				GCC_DYNAMIC_NO_PIC = NO;
				GCC_NO_COMMON_BLOCKS = YES;
				GCC_OPTIMIZATION_LEVEL = 0;
				GCC_PREPROCESSOR_DEFINITIONS = (
					"DEBUG=1",
					"$(inherited)",
				);
				GCC_WARN_64_TO_32_BIT_CONVERSION = YES;
				GCC_WARN_ABOUT_RETURN_TYPE = YES_ERROR;
				GCC_WARN_UNDECLARED_SELECTOR = YES;
				GCC_WARN_UNINITIALIZED_AUTOS = YES_AGGRESSIVE;
				GCC_WARN_UNUSED_FUNCTION = YES;
				GCC_WARN_UNUSED_VARIABLE = YES;
				IPHONEOS_DEPLOYMENT_TARGET = 17.0;
				LOCALIZATION_PREFERS_STRING_CATALOGS = YES;
				MTL_ENABLE_DEBUG_INFO = INCLUDE_SOURCE;
				MTL_FAST_MATH = YES;
				ONLY_ACTIVE_ARCH = YES;
				SDKROOT = iphoneos;
				SWIFT_ACTIVE_COMPILATION_CONDITIONS = "DEBUG $(inherited)";
				SWIFT_OPTIMIZATION_LEVEL = "-Onone";
			};
			name = Debug;
		};
		21473EE62B07370A002ECDC6 /* Release */ = {
			isa = XCBuildConfiguration;
			buildSettings = {
				ALWAYS_SEARCH_USER_PATHS = NO;
				ASSETCATALOG_COMPILER_GENERATE_SWIFT_ASSET_SYMBOL_EXTENSIONS = YES;
				CLANG_ANALYZER_NONNULL = YES;
				CLANG_ANALYZER_NUMBER_OBJECT_CONVERSION = YES_AGGRESSIVE;
				CLANG_CXX_LANGUAGE_STANDARD = "gnu++20";
				CLANG_ENABLE_MODULES = YES;
				CLANG_ENABLE_OBJC_ARC = YES;
				CLANG_ENABLE_OBJC_WEAK = YES;
				CLANG_WARN_BLOCK_CAPTURE_AUTORELEASING = YES;
				CLANG_WARN_BOOL_CONVERSION = YES;
				CLANG_WARN_COMMA = YES;
				CLANG_WARN_CONSTANT_CONVERSION = YES;
				CLANG_WARN_DEPRECATED_OBJC_IMPLEMENTATIONS = YES;
				CLANG_WARN_DIRECT_OBJC_ISA_USAGE = YES_ERROR;
				CLANG_WARN_DOCUMENTATION_COMMENTS = YES;
				CLANG_WARN_EMPTY_BODY = YES;
				CLANG_WARN_ENUM_CONVERSION = YES;
				CLANG_WARN_INFINITE_RECURSION = YES;
				CLANG_WARN_INT_CONVERSION = YES;
				CLANG_WARN_NON_LITERAL_NULL_CONVERSION = YES;
				CLANG_WARN_OBJC_IMPLICIT_RETAIN_SELF = YES;
				CLANG_WARN_OBJC_LITERAL_CONVERSION = YES;
				CLANG_WARN_OBJC_ROOT_CLASS = YES_ERROR;
				CLANG_WARN_QUOTED_INCLUDE_IN_FRAMEWORK_HEADER = YES;
				CLANG_WARN_RANGE_LOOP_ANALYSIS = YES;
				CLANG_WARN_STRICT_PROTOTYPES = YES;
				CLANG_WARN_SUSPICIOUS_MOVE = YES;
				CLANG_WARN_UNGUARDED_AVAILABILITY = YES_AGGRESSIVE;
				CLANG_WARN_UNREACHABLE_CODE = YES;
				CLANG_WARN__DUPLICATE_METHOD_MATCH = YES;
				COPY_PHASE_STRIP = NO;
				DEBUG_INFORMATION_FORMAT = "dwarf-with-dsym";
				ENABLE_NS_ASSERTIONS = NO;
				ENABLE_STRICT_OBJC_MSGSEND = YES;
				ENABLE_USER_SCRIPT_SANDBOXING = YES;
				GCC_C_LANGUAGE_STANDARD = gnu17;
				GCC_NO_COMMON_BLOCKS = YES;
				GCC_WARN_64_TO_32_BIT_CONVERSION = YES;
				GCC_WARN_ABOUT_RETURN_TYPE = YES_ERROR;
				GCC_WARN_UNDECLARED_SELECTOR = YES;
				GCC_WARN_UNINITIALIZED_AUTOS = YES_AGGRESSIVE;
				GCC_WARN_UNUSED_FUNCTION = YES;
				GCC_WARN_UNUSED_VARIABLE = YES;
				IPHONEOS_DEPLOYMENT_TARGET = 17.0;
				LOCALIZATION_PREFERS_STRING_CATALOGS = YES;
				MTL_ENABLE_DEBUG_INFO = NO;
				MTL_FAST_MATH = YES;
				SDKROOT = iphoneos;
				SWIFT_COMPILATION_MODE = wholemodule;
				VALIDATE_PRODUCT = YES;
			};
			name = Release;
		};
		21473EE82B07370A002ECDC6 /* Debug */ = {
			isa = XCBuildConfiguration;
			buildSettings = {
				ALWAYS_EMBED_SWIFT_STANDARD_LIBRARIES = YES;
				ASSETCATALOG_COMPILER_APPICON_NAME = AppIcon;
				ASSETCATALOG_COMPILER_GLOBAL_ACCENT_COLOR_NAME = AccentColor;
				CODE_SIGN_STYLE = Automatic;
				CURRENT_PROJECT_VERSION = 1;
				DEVELOPMENT_ASSET_PATHS = "\"Pomodoro Timer App/Preview Content\"";
				DEVELOPMENT_TEAM = B6D4WCK28L;
				ENABLE_PREVIEWS = YES;
				GENERATE_INFOPLIST_FILE = YES;
				INFOPLIST_KEY_NSSupportsLiveActivities = YES;
				INFOPLIST_KEY_UIApplicationSceneManifest_Generation = YES;
				INFOPLIST_KEY_UIApplicationSupportsIndirectInputEvents = YES;
				INFOPLIST_KEY_UILaunchScreen_Generation = YES;
				INFOPLIST_KEY_UISupportedInterfaceOrientations = "UIInterfaceOrientationLandscapeLeft UIInterfaceOrientationLandscapeRight UIInterfaceOrientationPortrait UIInterfaceOrientationPortraitUpsideDown";
				LD_RUNPATH_SEARCH_PATHS = (
					"$(inherited)",
					"@executable_path/Frameworks",
				);
				MARKETING_VERSION = 1.0;
				PRODUCT_BUNDLE_IDENTIFIER = "cquagliani.Pomodoro-Timer-App";
				PRODUCT_NAME = "$(TARGET_NAME)";
				SWIFT_EMIT_LOC_STRINGS = YES;
				SWIFT_VERSION = 5.0;
				TARGETED_DEVICE_FAMILY = "1,2";
			};
			name = Debug;
		};
		21473EE92B07370A002ECDC6 /* Release */ = {
			isa = XCBuildConfiguration;
			buildSettings = {
				ALWAYS_EMBED_SWIFT_STANDARD_LIBRARIES = YES;
				ASSETCATALOG_COMPILER_APPICON_NAME = AppIcon;
				ASSETCATALOG_COMPILER_GLOBAL_ACCENT_COLOR_NAME = AccentColor;
				CODE_SIGN_STYLE = Automatic;
				CURRENT_PROJECT_VERSION = 1;
				DEVELOPMENT_ASSET_PATHS = "\"Pomodoro Timer App/Preview Content\"";
				DEVELOPMENT_TEAM = B6D4WCK28L;
				ENABLE_PREVIEWS = YES;
				GENERATE_INFOPLIST_FILE = YES;
				INFOPLIST_KEY_NSSupportsLiveActivities = YES;
				INFOPLIST_KEY_UIApplicationSceneManifest_Generation = YES;
				INFOPLIST_KEY_UIApplicationSupportsIndirectInputEvents = YES;
				INFOPLIST_KEY_UILaunchScreen_Generation = YES;
				INFOPLIST_KEY_UISupportedInterfaceOrientations = "UIInterfaceOrientationLandscapeLeft UIInterfaceOrientationLandscapeRight UIInterfaceOrientationPortrait UIInterfaceOrientationPortraitUpsideDown";
				LD_RUNPATH_SEARCH_PATHS = (
					"$(inherited)",
					"@executable_path/Frameworks",
				);
				MARKETING_VERSION = 1.0;
				PRODUCT_BUNDLE_IDENTIFIER = "cquagliani.Pomodoro-Timer-App";
				PRODUCT_NAME = "$(TARGET_NAME)";
				SWIFT_EMIT_LOC_STRINGS = YES;
				SWIFT_VERSION = 5.0;
				TARGETED_DEVICE_FAMILY = "1,2";
			};
			name = Release;
		};
		21473EEB2B07370A002ECDC6 /* Debug */ = {
			isa = XCBuildConfiguration;
			buildSettings = {
				ALWAYS_EMBED_SWIFT_STANDARD_LIBRARIES = YES;
				BUNDLE_LOADER = "$(TEST_HOST)";
				CODE_SIGN_STYLE = Automatic;
				CURRENT_PROJECT_VERSION = 1;
				DEVELOPMENT_TEAM = B6D4WCK28L;
				GENERATE_INFOPLIST_FILE = YES;
				IPHONEOS_DEPLOYMENT_TARGET = 17.0;
				MARKETING_VERSION = 1.0;
				PRODUCT_BUNDLE_IDENTIFIER = "cquagliani.Pomodoro-Timer-AppTests";
				PRODUCT_NAME = "$(TARGET_NAME)";
				SWIFT_EMIT_LOC_STRINGS = NO;
				SWIFT_VERSION = 5.0;
				TARGETED_DEVICE_FAMILY = "1,2";
				TEST_HOST = "$(BUILT_PRODUCTS_DIR)/Pomodoro Timer App.app/$(BUNDLE_EXECUTABLE_FOLDER_PATH)/Pomodoro Timer App";
			};
			name = Debug;
		};
		21473EEC2B07370A002ECDC6 /* Release */ = {
			isa = XCBuildConfiguration;
			buildSettings = {
				ALWAYS_EMBED_SWIFT_STANDARD_LIBRARIES = YES;
				BUNDLE_LOADER = "$(TEST_HOST)";
				CODE_SIGN_STYLE = Automatic;
				CURRENT_PROJECT_VERSION = 1;
				DEVELOPMENT_TEAM = B6D4WCK28L;
				GENERATE_INFOPLIST_FILE = YES;
				IPHONEOS_DEPLOYMENT_TARGET = 17.0;
				MARKETING_VERSION = 1.0;
				PRODUCT_BUNDLE_IDENTIFIER = "cquagliani.Pomodoro-Timer-AppTests";
				PRODUCT_NAME = "$(TARGET_NAME)";
				SWIFT_EMIT_LOC_STRINGS = NO;
				SWIFT_VERSION = 5.0;
				TARGETED_DEVICE_FAMILY = "1,2";
				TEST_HOST = "$(BUILT_PRODUCTS_DIR)/Pomodoro Timer App.app/$(BUNDLE_EXECUTABLE_FOLDER_PATH)/Pomodoro Timer App";
			};
			name = Release;
		};
		21473EEE2B07370A002ECDC6 /* Debug */ = {
			isa = XCBuildConfiguration;
			buildSettings = {
				ALWAYS_EMBED_SWIFT_STANDARD_LIBRARIES = YES;
				CODE_SIGN_STYLE = Automatic;
				CURRENT_PROJECT_VERSION = 1;
				DEVELOPMENT_TEAM = B6D4WCK28L;
				GENERATE_INFOPLIST_FILE = YES;
				MARKETING_VERSION = 1.0;
				PRODUCT_BUNDLE_IDENTIFIER = "cquagliani.Pomodoro-Timer-AppUITests";
				PRODUCT_NAME = "$(TARGET_NAME)";
				SWIFT_EMIT_LOC_STRINGS = NO;
				SWIFT_VERSION = 5.0;
				TARGETED_DEVICE_FAMILY = "1,2";
				TEST_TARGET_NAME = "Pomodoro Timer App";
			};
			name = Debug;
		};
		21473EEF2B07370A002ECDC6 /* Release */ = {
			isa = XCBuildConfiguration;
			buildSettings = {
				ALWAYS_EMBED_SWIFT_STANDARD_LIBRARIES = YES;
				CODE_SIGN_STYLE = Automatic;
				CURRENT_PROJECT_VERSION = 1;
				DEVELOPMENT_TEAM = B6D4WCK28L;
				GENERATE_INFOPLIST_FILE = YES;
				MARKETING_VERSION = 1.0;
				PRODUCT_BUNDLE_IDENTIFIER = "cquagliani.Pomodoro-Timer-AppUITests";
				PRODUCT_NAME = "$(TARGET_NAME)";
				SWIFT_EMIT_LOC_STRINGS = NO;
				SWIFT_VERSION = 5.0;
				TARGETED_DEVICE_FAMILY = "1,2";
				TEST_TARGET_NAME = "Pomodoro Timer App";
			};
			name = Release;
		};
/* End XCBuildConfiguration section */

/* Begin XCConfigurationList section */
		211E6FA92B0D7CBC000E1076 /* Build configuration list for PBXNativeTarget "TimerWidgetExtension" */ = {
			isa = XCConfigurationList;
			buildConfigurations = (
				211E6FA72B0D7CBC000E1076 /* Debug */,
				211E6FA82B0D7CBC000E1076 /* Release */,
			);
			defaultConfigurationIsVisible = 0;
			defaultConfigurationName = Release;
		};
		21473EBE2B073709002ECDC6 /* Build configuration list for PBXProject "Pomodoro Timer App" */ = {
			isa = XCConfigurationList;
			buildConfigurations = (
				21473EE52B07370A002ECDC6 /* Debug */,
				21473EE62B07370A002ECDC6 /* Release */,
			);
			defaultConfigurationIsVisible = 0;
			defaultConfigurationName = Release;
		};
		21473EE72B07370A002ECDC6 /* Build configuration list for PBXNativeTarget "Pomodoro Timer App" */ = {
			isa = XCConfigurationList;
			buildConfigurations = (
				21473EE82B07370A002ECDC6 /* Debug */,
				21473EE92B07370A002ECDC6 /* Release */,
			);
			defaultConfigurationIsVisible = 0;
			defaultConfigurationName = Release;
		};
		21473EEA2B07370A002ECDC6 /* Build configuration list for PBXNativeTarget "Pomodoro Timer AppTests" */ = {
			isa = XCConfigurationList;
			buildConfigurations = (
				21473EEB2B07370A002ECDC6 /* Debug */,
				21473EEC2B07370A002ECDC6 /* Release */,
			);
			defaultConfigurationIsVisible = 0;
			defaultConfigurationName = Release;
		};
		21473EED2B07370A002ECDC6 /* Build configuration list for PBXNativeTarget "Pomodoro Timer AppUITests" */ = {
			isa = XCConfigurationList;
			buildConfigurations = (
				21473EEE2B07370A002ECDC6 /* Debug */,
				21473EEF2B07370A002ECDC6 /* Release */,
			);
			defaultConfigurationIsVisible = 0;
			defaultConfigurationName = Release;
		};
/* End XCConfigurationList section */
	};
	rootObject = 21473EBB2B073709002ECDC6 /* Project object */;
}
